// !$*UTF8*$!
{
	archiveVersion = 1;
	classes = {
	};
	objectVersion = 56;
	objects = {

/* Begin PBXBuildFile section */
		4D2023DC2A4A5AAE00E2A7C2 /* RMEpisodeDetailViewController.swift in Sources */ = {isa = PBXBuildFile; fileRef = 4D2023DB2A4A5AAE00E2A7C2 /* RMEpisodeDetailViewController.swift */; };
		4D2023DE2A4ADAA800E2A7C2 /* RMAPICacheManager.swift in Sources */ = {isa = PBXBuildFile; fileRef = 4D2023DD2A4ADAA800E2A7C2 /* RMAPICacheManager.swift */; };
		4D2023E02A4B1EFD00E2A7C2 /* RMEpisodeDetailViewViewModel.swift in Sources */ = {isa = PBXBuildFile; fileRef = 4D2023DF2A4B1EFD00E2A7C2 /* RMEpisodeDetailViewViewModel.swift */; };
		4D2023E22A4B213D00E2A7C2 /* RMEpisodeDetailView.swift in Sources */ = {isa = PBXBuildFile; fileRef = 4D2023E12A4B213D00E2A7C2 /* RMEpisodeDetailView.swift */; };
		4D2023E52A4BB1A100E2A7C2 /* RMEpisodeListView.swift in Sources */ = {isa = PBXBuildFile; fileRef = 4D2023E42A4BB1A100E2A7C2 /* RMEpisodeListView.swift */; };
		4D2023E72A4BB5D000E2A7C2 /* RMEpisodeListViewViewModel.swift in Sources */ = {isa = PBXBuildFile; fileRef = 4D2023E62A4BB5D000E2A7C2 /* RMEpisodeListViewViewModel.swift */; };
		4D2023E92A4ECC1800E2A7C2 /* RMGetAllEpisodesResponse.swift in Sources */ = {isa = PBXBuildFile; fileRef = 4D2023E82A4ECC1800E2A7C2 /* RMGetAllEpisodesResponse.swift */; };
		4D35CB382A39554800977BA2 /* RMService.swift in Sources */ = {isa = PBXBuildFile; fileRef = 4D35CB372A39554800977BA2 /* RMService.swift */; };
		4D35CB3A2A39569E00977BA2 /* RMRequest.swift in Sources */ = {isa = PBXBuildFile; fileRef = 4D35CB392A39569E00977BA2 /* RMRequest.swift */; };
		4D35CB3C2A3956E600977BA2 /* RMEndpoint.swift in Sources */ = {isa = PBXBuildFile; fileRef = 4D35CB3B2A3956E600977BA2 /* RMEndpoint.swift */; };
		4D35CB3E2A39871400977BA2 /* RMOrigin.swift in Sources */ = {isa = PBXBuildFile; fileRef = 4D35CB3D2A39871400977BA2 /* RMOrigin.swift */; };
		4D35CB402A3987D800977BA2 /* RMSingleLocation.swift in Sources */ = {isa = PBXBuildFile; fileRef = 4D35CB3F2A3987D800977BA2 /* RMSingleLocation.swift */; };
		4D35CB422A39962E00977BA2 /* RMCharacterStatus.swift in Sources */ = {isa = PBXBuildFile; fileRef = 4D35CB412A39962E00977BA2 /* RMCharacterStatus.swift */; };
		4D35CB442A39966E00977BA2 /* RMCharacterGender.swift in Sources */ = {isa = PBXBuildFile; fileRef = 4D35CB432A39966E00977BA2 /* RMCharacterGender.swift */; };
		4D35CB4A2A3A143600977BA2 /* RMGetAllCharactersResponse.swift in Sources */ = {isa = PBXBuildFile; fileRef = 4D35CB492A3A143600977BA2 /* RMGetAllCharactersResponse.swift */; };
		4D35CB4C2A3B014900977BA2 /* RMCharacterListViewViewModel.swift in Sources */ = {isa = PBXBuildFile; fileRef = 4D35CB4B2A3B014900977BA2 /* RMCharacterListViewViewModel.swift */; };
		4D35CB4E2A3B021B00977BA2 /* RMCharacterListView.swift in Sources */ = {isa = PBXBuildFile; fileRef = 4D35CB4D2A3B021B00977BA2 /* RMCharacterListView.swift */; };
		4D35CB502A3B0ACC00977BA2 /* Extensions.swift in Sources */ = {isa = PBXBuildFile; fileRef = 4D35CB4F2A3B0ACC00977BA2 /* Extensions.swift */; };
		4D35CB542A3B1FE000977BA2 /* RMCharacterCollectionViewCell.swift in Sources */ = {isa = PBXBuildFile; fileRef = 4D35CB532A3B1FE000977BA2 /* RMCharacterCollectionViewCell.swift */; };
		4D35CB562A3B228D00977BA2 /* RMCharacterCollectionViewCellViewModel.swift in Sources */ = {isa = PBXBuildFile; fileRef = 4D35CB552A3B228D00977BA2 /* RMCharacterCollectionViewCellViewModel.swift */; };
		4D35CB592A3C9E3100977BA2 /* RMCharacterDetailViewController.swift in Sources */ = {isa = PBXBuildFile; fileRef = 4D35CB582A3C9E3100977BA2 /* RMCharacterDetailViewController.swift */; };
		4D35CB5B2A3CA3C300977BA2 /* RMCharacterDetailView.swift in Sources */ = {isa = PBXBuildFile; fileRef = 4D35CB5A2A3CA3C300977BA2 /* RMCharacterDetailView.swift */; };
		4D35CB5D2A3CA44400977BA2 /* RMCharacterDetailViewViewModel.swift in Sources */ = {isa = PBXBuildFile; fileRef = 4D35CB5C2A3CA44400977BA2 /* RMCharacterDetailViewViewModel.swift */; };
		4D35CB5F2A3D363100977BA2 /* RMFooterLoadingCollectionReusableView.swift in Sources */ = {isa = PBXBuildFile; fileRef = 4D35CB5E2A3D363100977BA2 /* RMFooterLoadingCollectionReusableView.swift */; };
		4D35CB612A3FB76F00977BA2 /* RMImageLoader.swift in Sources */ = {isa = PBXBuildFile; fileRef = 4D35CB602A3FB76F00977BA2 /* RMImageLoader.swift */; };
		4D63109B2A427B0200A69609 /* RMCharacterPhotoCollectionViewCell.swift in Sources */ = {isa = PBXBuildFile; fileRef = 4D63109A2A427B0200A69609 /* RMCharacterPhotoCollectionViewCell.swift */; };
		4D63109D2A427B3D00A69609 /* RMCharacterInfoCollectionViewCell.swift in Sources */ = {isa = PBXBuildFile; fileRef = 4D63109C2A427B3D00A69609 /* RMCharacterInfoCollectionViewCell.swift */; };
		4D63109F2A427B6200A69609 /* RMCharacterEpisodeCollectionViewCell.swift in Sources */ = {isa = PBXBuildFile; fileRef = 4D63109E2A427B6200A69609 /* RMCharacterEpisodeCollectionViewCell.swift */; };
		4D6310A22A427C2700A69609 /* RMCharacterPhotoCollectionViewCellViewModel.swift in Sources */ = {isa = PBXBuildFile; fileRef = 4D6310A12A427C2700A69609 /* RMCharacterPhotoCollectionViewCellViewModel.swift */; };
		4D6310A42A427C4A00A69609 /* RMCharacterInfoCollectionViewCellViewModel.swift in Sources */ = {isa = PBXBuildFile; fileRef = 4D6310A32A427C4A00A69609 /* RMCharacterInfoCollectionViewCellViewModel.swift */; };
		4D6310A62A427C6200A69609 /* RMCharacterEpisodeCollectionViewCellViewModel.swift in Sources */ = {isa = PBXBuildFile; fileRef = 4D6310A52A427C6200A69609 /* RMCharacterEpisodeCollectionViewCellViewModel.swift */; };
		4D7C59302A383AFB00C15A75 /* AppDelegate.swift in Sources */ = {isa = PBXBuildFile; fileRef = 4D7C592F2A383AFB00C15A75 /* AppDelegate.swift */; };
		4D7C59322A383AFB00C15A75 /* SceneDelegate.swift in Sources */ = {isa = PBXBuildFile; fileRef = 4D7C59312A383AFB00C15A75 /* SceneDelegate.swift */; };
		4D7C59342A383AFB00C15A75 /* RMTabViewController.swift in Sources */ = {isa = PBXBuildFile; fileRef = 4D7C59332A383AFB00C15A75 /* RMTabViewController.swift */; };
		4D7C59392A383AFD00C15A75 /* Assets.xcassets in Resources */ = {isa = PBXBuildFile; fileRef = 4D7C59382A383AFD00C15A75 /* Assets.xcassets */; };
		4D7C593C2A383AFD00C15A75 /* LaunchScreen.storyboard in Resources */ = {isa = PBXBuildFile; fileRef = 4D7C593A2A383AFD00C15A75 /* LaunchScreen.storyboard */; };
		4D7C594B2A38409E00C15A75 /* RMLocation.swift in Sources */ = {isa = PBXBuildFile; fileRef = 4D7C594A2A38409E00C15A75 /* RMLocation.swift */; };
		4D7C594D2A3840E000C15A75 /* RMCharacter.swift in Sources */ = {isa = PBXBuildFile; fileRef = 4D7C594C2A3840E000C15A75 /* RMCharacter.swift */; };
		4D7C594F2A3840FF00C15A75 /* RMEpisode.swift in Sources */ = {isa = PBXBuildFile; fileRef = 4D7C594E2A3840FF00C15A75 /* RMEpisode.swift */; };
		4D7C59522A38423D00C15A75 /* RMCharacterViewController.swift in Sources */ = {isa = PBXBuildFile; fileRef = 4D7C59512A38423D00C15A75 /* RMCharacterViewController.swift */; };
		4D7C59542A38427700C15A75 /* RMLocationViewController.swift in Sources */ = {isa = PBXBuildFile; fileRef = 4D7C59532A38427700C15A75 /* RMLocationViewController.swift */; };
		4D7C59562A38429700C15A75 /* RMEpisodeViewController.swift in Sources */ = {isa = PBXBuildFile; fileRef = 4D7C59552A38429700C15A75 /* RMEpisodeViewController.swift */; };
		4D7C59582A3842B600C15A75 /* RMSettingsViewController.swift in Sources */ = {isa = PBXBuildFile; fileRef = 4D7C59572A3842B600C15A75 /* RMSettingsViewController.swift */; };
		4DBDF2452A52CA19004DC9B1 /* RMSearchViewController.swift in Sources */ = {isa = PBXBuildFile; fileRef = 4DBDF2442A52CA19004DC9B1 /* RMSearchViewController.swift */; };
		4DBDF2482A5406C8004DC9B1 /* RMEpisodeInfoCollectionViewCell.swift in Sources */ = {isa = PBXBuildFile; fileRef = 4DBDF2472A5406C8004DC9B1 /* RMEpisodeInfoCollectionViewCell.swift */; };
		4DBDF24B2A540713004DC9B1 /* RMEpisodeInfoCollectionViewCellViewModel.swift in Sources */ = {isa = PBXBuildFile; fileRef = 4DBDF24A2A540713004DC9B1 /* RMEpisodeInfoCollectionViewCellViewModel.swift */; };
		4DBDF24E2A547575004DC9B1 /* RMSettingsViewViewModel.swift in Sources */ = {isa = PBXBuildFile; fileRef = 4DBDF24D2A547575004DC9B1 /* RMSettingsViewViewModel.swift */; };
		4DBDF2502A5475CC004DC9B1 /* RMSettingsCellViewModel.swift in Sources */ = {isa = PBXBuildFile; fileRef = 4DBDF24F2A5475CC004DC9B1 /* RMSettingsCellViewModel.swift */; };
		4DBDF2522A5476CE004DC9B1 /* RMSettingsOption.swift in Sources */ = {isa = PBXBuildFile; fileRef = 4DBDF2512A5476CE004DC9B1 /* RMSettingsOption.swift */; };
		4DBDF2552A56A4A9004DC9B1 /* RMSettingsView.swift in Sources */ = {isa = PBXBuildFile; fileRef = 4DBDF2542A56A4A9004DC9B1 /* RMSettingsView.swift */; };
		4DBDF2582A578B59004DC9B1 /* RMLocationView.swift in Sources */ = {isa = PBXBuildFile; fileRef = 4DBDF2572A578B59004DC9B1 /* RMLocationView.swift */; };
		4DBDF25A2A57FB89004DC9B1 /* RMLocationViewViewModel.swift in Sources */ = {isa = PBXBuildFile; fileRef = 4DBDF2592A57FB88004DC9B1 /* RMLocationViewViewModel.swift */; };
		4DBDF25C2A5AD0AF004DC9B1 /* RMGetAllLocationsResponse.swift in Sources */ = {isa = PBXBuildFile; fileRef = 4DBDF25B2A5AD0AF004DC9B1 /* RMGetAllLocationsResponse.swift */; };
		4DBDF25E2A5B0208004DC9B1 /* RMLocationTableViewCell.swift in Sources */ = {isa = PBXBuildFile; fileRef = 4DBDF25D2A5B0208004DC9B1 /* RMLocationTableViewCell.swift */; };
		4DBDF2612A5B02E4004DC9B1 /* RMLocationTableViewCellViewModel.swift in Sources */ = {isa = PBXBuildFile; fileRef = 4DBDF2602A5B02E4004DC9B1 /* RMLocationTableViewCellViewModel.swift */; };
/* End PBXBuildFile section */

/* Begin PBXFileReference section */
		4D2023DB2A4A5AAE00E2A7C2 /* RMEpisodeDetailViewController.swift */ = {isa = PBXFileReference; lastKnownFileType = sourcecode.swift; path = RMEpisodeDetailViewController.swift; sourceTree = "<group>"; };
		4D2023DD2A4ADAA800E2A7C2 /* RMAPICacheManager.swift */ = {isa = PBXFileReference; lastKnownFileType = sourcecode.swift; path = RMAPICacheManager.swift; sourceTree = "<group>"; };
		4D2023DF2A4B1EFD00E2A7C2 /* RMEpisodeDetailViewViewModel.swift */ = {isa = PBXFileReference; lastKnownFileType = sourcecode.swift; path = RMEpisodeDetailViewViewModel.swift; sourceTree = "<group>"; };
		4D2023E12A4B213D00E2A7C2 /* RMEpisodeDetailView.swift */ = {isa = PBXFileReference; lastKnownFileType = sourcecode.swift; path = RMEpisodeDetailView.swift; sourceTree = "<group>"; };
		4D2023E42A4BB1A100E2A7C2 /* RMEpisodeListView.swift */ = {isa = PBXFileReference; lastKnownFileType = sourcecode.swift; path = RMEpisodeListView.swift; sourceTree = "<group>"; };
		4D2023E62A4BB5D000E2A7C2 /* RMEpisodeListViewViewModel.swift */ = {isa = PBXFileReference; lastKnownFileType = sourcecode.swift; path = RMEpisodeListViewViewModel.swift; sourceTree = "<group>"; };
		4D2023E82A4ECC1800E2A7C2 /* RMGetAllEpisodesResponse.swift */ = {isa = PBXFileReference; lastKnownFileType = sourcecode.swift; path = RMGetAllEpisodesResponse.swift; sourceTree = "<group>"; };
		4D35CB372A39554800977BA2 /* RMService.swift */ = {isa = PBXFileReference; lastKnownFileType = sourcecode.swift; path = RMService.swift; sourceTree = "<group>"; };
		4D35CB392A39569E00977BA2 /* RMRequest.swift */ = {isa = PBXFileReference; lastKnownFileType = sourcecode.swift; path = RMRequest.swift; sourceTree = "<group>"; };
		4D35CB3B2A3956E600977BA2 /* RMEndpoint.swift */ = {isa = PBXFileReference; lastKnownFileType = sourcecode.swift; path = RMEndpoint.swift; sourceTree = "<group>"; };
		4D35CB3D2A39871400977BA2 /* RMOrigin.swift */ = {isa = PBXFileReference; lastKnownFileType = sourcecode.swift; path = RMOrigin.swift; sourceTree = "<group>"; };
		4D35CB3F2A3987D800977BA2 /* RMSingleLocation.swift */ = {isa = PBXFileReference; lastKnownFileType = sourcecode.swift; path = RMSingleLocation.swift; sourceTree = "<group>"; };
		4D35CB412A39962E00977BA2 /* RMCharacterStatus.swift */ = {isa = PBXFileReference; lastKnownFileType = sourcecode.swift; path = RMCharacterStatus.swift; sourceTree = "<group>"; };
		4D35CB432A39966E00977BA2 /* RMCharacterGender.swift */ = {isa = PBXFileReference; lastKnownFileType = sourcecode.swift; path = RMCharacterGender.swift; sourceTree = "<group>"; };
		4D35CB492A3A143600977BA2 /* RMGetAllCharactersResponse.swift */ = {isa = PBXFileReference; lastKnownFileType = sourcecode.swift; path = RMGetAllCharactersResponse.swift; sourceTree = "<group>"; };
		4D35CB4B2A3B014900977BA2 /* RMCharacterListViewViewModel.swift */ = {isa = PBXFileReference; lastKnownFileType = sourcecode.swift; path = RMCharacterListViewViewModel.swift; sourceTree = "<group>"; };
		4D35CB4D2A3B021B00977BA2 /* RMCharacterListView.swift */ = {isa = PBXFileReference; lastKnownFileType = sourcecode.swift; path = RMCharacterListView.swift; sourceTree = "<group>"; };
		4D35CB4F2A3B0ACC00977BA2 /* Extensions.swift */ = {isa = PBXFileReference; lastKnownFileType = sourcecode.swift; path = Extensions.swift; sourceTree = "<group>"; };
		4D35CB532A3B1FE000977BA2 /* RMCharacterCollectionViewCell.swift */ = {isa = PBXFileReference; lastKnownFileType = sourcecode.swift; path = RMCharacterCollectionViewCell.swift; sourceTree = "<group>"; };
		4D35CB552A3B228D00977BA2 /* RMCharacterCollectionViewCellViewModel.swift */ = {isa = PBXFileReference; lastKnownFileType = sourcecode.swift; path = RMCharacterCollectionViewCellViewModel.swift; sourceTree = "<group>"; };
		4D35CB582A3C9E3100977BA2 /* RMCharacterDetailViewController.swift */ = {isa = PBXFileReference; lastKnownFileType = sourcecode.swift; path = RMCharacterDetailViewController.swift; sourceTree = "<group>"; };
		4D35CB5A2A3CA3C300977BA2 /* RMCharacterDetailView.swift */ = {isa = PBXFileReference; lastKnownFileType = sourcecode.swift; path = RMCharacterDetailView.swift; sourceTree = "<group>"; };
		4D35CB5C2A3CA44400977BA2 /* RMCharacterDetailViewViewModel.swift */ = {isa = PBXFileReference; lastKnownFileType = sourcecode.swift; path = RMCharacterDetailViewViewModel.swift; sourceTree = "<group>"; };
		4D35CB5E2A3D363100977BA2 /* RMFooterLoadingCollectionReusableView.swift */ = {isa = PBXFileReference; lastKnownFileType = sourcecode.swift; path = RMFooterLoadingCollectionReusableView.swift; sourceTree = "<group>"; };
		4D35CB602A3FB76F00977BA2 /* RMImageLoader.swift */ = {isa = PBXFileReference; lastKnownFileType = sourcecode.swift; path = RMImageLoader.swift; sourceTree = "<group>"; };
		4D63109A2A427B0200A69609 /* RMCharacterPhotoCollectionViewCell.swift */ = {isa = PBXFileReference; lastKnownFileType = sourcecode.swift; path = RMCharacterPhotoCollectionViewCell.swift; sourceTree = "<group>"; };
		4D63109C2A427B3D00A69609 /* RMCharacterInfoCollectionViewCell.swift */ = {isa = PBXFileReference; lastKnownFileType = sourcecode.swift; path = RMCharacterInfoCollectionViewCell.swift; sourceTree = "<group>"; };
		4D63109E2A427B6200A69609 /* RMCharacterEpisodeCollectionViewCell.swift */ = {isa = PBXFileReference; lastKnownFileType = sourcecode.swift; path = RMCharacterEpisodeCollectionViewCell.swift; sourceTree = "<group>"; };
		4D6310A12A427C2700A69609 /* RMCharacterPhotoCollectionViewCellViewModel.swift */ = {isa = PBXFileReference; lastKnownFileType = sourcecode.swift; path = RMCharacterPhotoCollectionViewCellViewModel.swift; sourceTree = "<group>"; };
		4D6310A32A427C4A00A69609 /* RMCharacterInfoCollectionViewCellViewModel.swift */ = {isa = PBXFileReference; lastKnownFileType = sourcecode.swift; path = RMCharacterInfoCollectionViewCellViewModel.swift; sourceTree = "<group>"; };
		4D6310A52A427C6200A69609 /* RMCharacterEpisodeCollectionViewCellViewModel.swift */ = {isa = PBXFileReference; lastKnownFileType = sourcecode.swift; path = RMCharacterEpisodeCollectionViewCellViewModel.swift; sourceTree = "<group>"; };
		4D7C592C2A383AFB00C15A75 /* RickAndMorty.app */ = {isa = PBXFileReference; explicitFileType = wrapper.application; includeInIndex = 0; path = RickAndMorty.app; sourceTree = BUILT_PRODUCTS_DIR; };
		4D7C592F2A383AFB00C15A75 /* AppDelegate.swift */ = {isa = PBXFileReference; lastKnownFileType = sourcecode.swift; path = AppDelegate.swift; sourceTree = "<group>"; };
		4D7C59312A383AFB00C15A75 /* SceneDelegate.swift */ = {isa = PBXFileReference; lastKnownFileType = sourcecode.swift; path = SceneDelegate.swift; sourceTree = "<group>"; };
		4D7C59332A383AFB00C15A75 /* RMTabViewController.swift */ = {isa = PBXFileReference; lastKnownFileType = sourcecode.swift; path = RMTabViewController.swift; sourceTree = "<group>"; };
		4D7C59382A383AFD00C15A75 /* Assets.xcassets */ = {isa = PBXFileReference; lastKnownFileType = folder.assetcatalog; path = Assets.xcassets; sourceTree = "<group>"; };
		4D7C593B2A383AFD00C15A75 /* Base */ = {isa = PBXFileReference; lastKnownFileType = file.storyboard; name = Base; path = Base.lproj/LaunchScreen.storyboard; sourceTree = "<group>"; };
		4D7C593D2A383AFD00C15A75 /* Info.plist */ = {isa = PBXFileReference; lastKnownFileType = text.plist.xml; path = Info.plist; sourceTree = "<group>"; };
		4D7C594A2A38409E00C15A75 /* RMLocation.swift */ = {isa = PBXFileReference; lastKnownFileType = sourcecode.swift; path = RMLocation.swift; sourceTree = "<group>"; };
		4D7C594C2A3840E000C15A75 /* RMCharacter.swift */ = {isa = PBXFileReference; lastKnownFileType = sourcecode.swift; path = RMCharacter.swift; sourceTree = "<group>"; };
		4D7C594E2A3840FF00C15A75 /* RMEpisode.swift */ = {isa = PBXFileReference; lastKnownFileType = sourcecode.swift; path = RMEpisode.swift; sourceTree = "<group>"; };
		4D7C59512A38423D00C15A75 /* RMCharacterViewController.swift */ = {isa = PBXFileReference; lastKnownFileType = sourcecode.swift; path = RMCharacterViewController.swift; sourceTree = "<group>"; };
		4D7C59532A38427700C15A75 /* RMLocationViewController.swift */ = {isa = PBXFileReference; lastKnownFileType = sourcecode.swift; path = RMLocationViewController.swift; sourceTree = "<group>"; };
		4D7C59552A38429700C15A75 /* RMEpisodeViewController.swift */ = {isa = PBXFileReference; lastKnownFileType = sourcecode.swift; path = RMEpisodeViewController.swift; sourceTree = "<group>"; };
		4D7C59572A3842B600C15A75 /* RMSettingsViewController.swift */ = {isa = PBXFileReference; lastKnownFileType = sourcecode.swift; path = RMSettingsViewController.swift; sourceTree = "<group>"; };
		4DBDF2442A52CA19004DC9B1 /* RMSearchViewController.swift */ = {isa = PBXFileReference; lastKnownFileType = sourcecode.swift; path = RMSearchViewController.swift; sourceTree = "<group>"; };
		4DBDF2472A5406C8004DC9B1 /* RMEpisodeInfoCollectionViewCell.swift */ = {isa = PBXFileReference; lastKnownFileType = sourcecode.swift; path = RMEpisodeInfoCollectionViewCell.swift; sourceTree = "<group>"; };
		4DBDF24A2A540713004DC9B1 /* RMEpisodeInfoCollectionViewCellViewModel.swift */ = {isa = PBXFileReference; lastKnownFileType = sourcecode.swift; path = RMEpisodeInfoCollectionViewCellViewModel.swift; sourceTree = "<group>"; };
		4DBDF24D2A547575004DC9B1 /* RMSettingsViewViewModel.swift */ = {isa = PBXFileReference; lastKnownFileType = sourcecode.swift; path = RMSettingsViewViewModel.swift; sourceTree = "<group>"; };
		4DBDF24F2A5475CC004DC9B1 /* RMSettingsCellViewModel.swift */ = {isa = PBXFileReference; lastKnownFileType = sourcecode.swift; path = RMSettingsCellViewModel.swift; sourceTree = "<group>"; };
		4DBDF2512A5476CE004DC9B1 /* RMSettingsOption.swift */ = {isa = PBXFileReference; lastKnownFileType = sourcecode.swift; path = RMSettingsOption.swift; sourceTree = "<group>"; };
		4DBDF2542A56A4A9004DC9B1 /* RMSettingsView.swift */ = {isa = PBXFileReference; lastKnownFileType = sourcecode.swift; path = RMSettingsView.swift; sourceTree = "<group>"; };
		4DBDF2572A578B59004DC9B1 /* RMLocationView.swift */ = {isa = PBXFileReference; lastKnownFileType = sourcecode.swift; path = RMLocationView.swift; sourceTree = "<group>"; };
		4DBDF2592A57FB88004DC9B1 /* RMLocationViewViewModel.swift */ = {isa = PBXFileReference; lastKnownFileType = sourcecode.swift; path = RMLocationViewViewModel.swift; sourceTree = "<group>"; };
		4DBDF25B2A5AD0AF004DC9B1 /* RMGetAllLocationsResponse.swift */ = {isa = PBXFileReference; lastKnownFileType = sourcecode.swift; path = RMGetAllLocationsResponse.swift; sourceTree = "<group>"; };
		4DBDF25D2A5B0208004DC9B1 /* RMLocationTableViewCell.swift */ = {isa = PBXFileReference; lastKnownFileType = sourcecode.swift; path = RMLocationTableViewCell.swift; sourceTree = "<group>"; };
		4DBDF2602A5B02E4004DC9B1 /* RMLocationTableViewCellViewModel.swift */ = {isa = PBXFileReference; lastKnownFileType = sourcecode.swift; path = RMLocationTableViewCellViewModel.swift; sourceTree = "<group>"; };
/* End PBXFileReference section */

/* Begin PBXFrameworksBuildPhase section */
		4D7C59292A383AFB00C15A75 /* Frameworks */ = {
			isa = PBXFrameworksBuildPhase;
			buildActionMask = 2147483647;
			files = (
			);
			runOnlyForDeploymentPostprocessing = 0;
		};
/* End PBXFrameworksBuildPhase section */

/* Begin PBXGroup section */
		4D2023E32A4BB17A00E2A7C2 /* Episode */ = {
			isa = PBXGroup;
			children = (
				4D2023E42A4BB1A100E2A7C2 /* RMEpisodeListView.swift */,
			);
			path = Episode;
			sourceTree = "<group>";
		};
		4D35CB452A3A116800977BA2 /* DataTypes */ = {
			isa = PBXGroup;
			children = (
				4D7C594A2A38409E00C15A75 /* RMLocation.swift */,
				4D7C594C2A3840E000C15A75 /* RMCharacter.swift */,
				4D7C594E2A3840FF00C15A75 /* RMEpisode.swift */,
				4D35CB3D2A39871400977BA2 /* RMOrigin.swift */,
				4D35CB3F2A3987D800977BA2 /* RMSingleLocation.swift */,
				4D35CB412A39962E00977BA2 /* RMCharacterStatus.swift */,
				4D35CB432A39966E00977BA2 /* RMCharacterGender.swift */,
			);
			path = DataTypes;
			sourceTree = "<group>";
		};
		4D35CB462A3A11CB00977BA2 /* APIResponseTypes */ = {
			isa = PBXGroup;
			children = (
				4D35CB492A3A143600977BA2 /* RMGetAllCharactersResponse.swift */,
				4D2023E82A4ECC1800E2A7C2 /* RMGetAllEpisodesResponse.swift */,
				4DBDF25B2A5AD0AF004DC9B1 /* RMGetAllLocationsResponse.swift */,
			);
			path = APIResponseTypes;
			sourceTree = "<group>";
		};
		4D35CB572A3C9DDC00977BA2 /* Other */ = {
			isa = PBXGroup;
			children = (
				4D35CB582A3C9E3100977BA2 /* RMCharacterDetailViewController.swift */,
				4D2023DB2A4A5AAE00E2A7C2 /* RMEpisodeDetailViewController.swift */,
				4DBDF2442A52CA19004DC9B1 /* RMSearchViewController.swift */,
			);
			path = Other;
			sourceTree = "<group>";
		};
		4D6310982A427A3900A69609 /* CharacterDetails */ = {
			isa = PBXGroup;
			children = (
				4D35CB5A2A3CA3C300977BA2 /* RMCharacterDetailView.swift */,
				4D63109A2A427B0200A69609 /* RMCharacterPhotoCollectionViewCell.swift */,
				4D63109C2A427B3D00A69609 /* RMCharacterInfoCollectionViewCell.swift */,
				4D63109E2A427B6200A69609 /* RMCharacterEpisodeCollectionViewCell.swift */,
			);
			path = CharacterDetails;
			sourceTree = "<group>";
		};
		4D6310992A427A5B00A69609 /* Character */ = {
			isa = PBXGroup;
			children = (
				4D35CB4D2A3B021B00977BA2 /* RMCharacterListView.swift */,
				4D35CB532A3B1FE000977BA2 /* RMCharacterCollectionViewCell.swift */,
			);
			path = Character;
			sourceTree = "<group>";
		};
		4D6310A02A427B8900A69609 /* CharacterDetail */ = {
			isa = PBXGroup;
			children = (
				4D35CB5C2A3CA44400977BA2 /* RMCharacterDetailViewViewModel.swift */,
				4D6310A12A427C2700A69609 /* RMCharacterPhotoCollectionViewCellViewModel.swift */,
				4D6310A32A427C4A00A69609 /* RMCharacterInfoCollectionViewCellViewModel.swift */,
				4D6310A52A427C6200A69609 /* RMCharacterEpisodeCollectionViewCellViewModel.swift */,
			);
			path = CharacterDetail;
			sourceTree = "<group>";
		};
		4D7C59232A383AFB00C15A75 = {
			isa = PBXGroup;
			children = (
				4D7C592E2A383AFB00C15A75 /* RickAndMorty */,
				4D7C592D2A383AFB00C15A75 /* Products */,
			);
			sourceTree = "<group>";
		};
		4D7C592D2A383AFB00C15A75 /* Products */ = {
			isa = PBXGroup;
			children = (
				4D7C592C2A383AFB00C15A75 /* RickAndMorty.app */,
			);
			name = Products;
			sourceTree = "<group>";
		};
		4D7C592E2A383AFB00C15A75 /* RickAndMorty */ = {
			isa = PBXGroup;
			children = (
				4D7C59492A383F5400C15A75 /* Resources */,
				4D7C59482A383F4300C15A75 /* Managers */,
				4D7C59472A383F1200C15A75 /* APIClient */,
				4D7C59462A383EF900C15A75 /* ViewModels */,
				4D7C59452A383EE300C15A75 /* Views */,
				4D7C59442A383ECF00C15A75 /* Models */,
				4D7C59432A383EA800C15A75 /* Controller */,
				4D7C593D2A383AFD00C15A75 /* Info.plist */,
			);
			path = RickAndMorty;
			sourceTree = "<group>";
		};
		4D7C59432A383EA800C15A75 /* Controller */ = {
			isa = PBXGroup;
			children = (
				4D35CB572A3C9DDC00977BA2 /* Other */,
				4D7C59502A3841CE00C15A75 /* Core */,
			);
			path = Controller;
			sourceTree = "<group>";
		};
		4D7C59442A383ECF00C15A75 /* Models */ = {
			isa = PBXGroup;
			children = (
				4D35CB462A3A11CB00977BA2 /* APIResponseTypes */,
				4D35CB452A3A116800977BA2 /* DataTypes */,
			);
			path = Models;
			sourceTree = "<group>";
		};
		4D7C59452A383EE300C15A75 /* Views */ = {
			isa = PBXGroup;
			children = (
				4DBDF2562A578ACD004DC9B1 /* Location */,
				4DBDF2532A56A45B004DC9B1 /* SwiftUI */,
				4DBDF2462A540662004DC9B1 /* EpisodeDetails */,
				4D2023E32A4BB17A00E2A7C2 /* Episode */,
				4D6310992A427A5B00A69609 /* Character */,
				4D6310982A427A3900A69609 /* CharacterDetails */,
				4D35CB5E2A3D363100977BA2 /* RMFooterLoadingCollectionReusableView.swift */,
			);
			path = Views;
			sourceTree = "<group>";
		};
		4D7C59462A383EF900C15A75 /* ViewModels */ = {
			isa = PBXGroup;
			children = (
				4DBDF25F2A5B02CD004DC9B1 /* Locations */,
				4DBDF24C2A54753D004DC9B1 /* Settings */,
				4DBDF2492A5406E9004DC9B1 /* EpisodeDetail */,
				4D6310A02A427B8900A69609 /* CharacterDetail */,
				4D35CB4B2A3B014900977BA2 /* RMCharacterListViewViewModel.swift */,
				4D35CB552A3B228D00977BA2 /* RMCharacterCollectionViewCellViewModel.swift */,
				4D2023E62A4BB5D000E2A7C2 /* RMEpisodeListViewViewModel.swift */,
			);
			path = ViewModels;
			sourceTree = "<group>";
		};
		4D7C59472A383F1200C15A75 /* APIClient */ = {
			isa = PBXGroup;
			children = (
				4D35CB372A39554800977BA2 /* RMService.swift */,
				4D35CB392A39569E00977BA2 /* RMRequest.swift */,
				4D35CB3B2A3956E600977BA2 /* RMEndpoint.swift */,
			);
			path = APIClient;
			sourceTree = "<group>";
		};
		4D7C59482A383F4300C15A75 /* Managers */ = {
			isa = PBXGroup;
			children = (
				4D35CB602A3FB76F00977BA2 /* RMImageLoader.swift */,
				4D2023DD2A4ADAA800E2A7C2 /* RMAPICacheManager.swift */,
			);
			path = Managers;
			sourceTree = "<group>";
		};
		4D7C59492A383F5400C15A75 /* Resources */ = {
			isa = PBXGroup;
			children = (
				4D7C59382A383AFD00C15A75 /* Assets.xcassets */,
				4D7C593A2A383AFD00C15A75 /* LaunchScreen.storyboard */,
				4D7C592F2A383AFB00C15A75 /* AppDelegate.swift */,
				4D7C59312A383AFB00C15A75 /* SceneDelegate.swift */,
				4D35CB4F2A3B0ACC00977BA2 /* Extensions.swift */,
			);
			path = Resources;
			sourceTree = "<group>";
		};
		4D7C59502A3841CE00C15A75 /* Core */ = {
			isa = PBXGroup;
			children = (
				4D7C59332A383AFB00C15A75 /* RMTabViewController.swift */,
				4D7C59512A38423D00C15A75 /* RMCharacterViewController.swift */,
				4D7C59532A38427700C15A75 /* RMLocationViewController.swift */,
				4D7C59552A38429700C15A75 /* RMEpisodeViewController.swift */,
				4D7C59572A3842B600C15A75 /* RMSettingsViewController.swift */,
			);
			path = Core;
			sourceTree = "<group>";
		};
		4DBDF2462A540662004DC9B1 /* EpisodeDetails */ = {
			isa = PBXGroup;
			children = (
				4D2023E12A4B213D00E2A7C2 /* RMEpisodeDetailView.swift */,
				4DBDF2472A5406C8004DC9B1 /* RMEpisodeInfoCollectionViewCell.swift */,
			);
			path = EpisodeDetails;
			sourceTree = "<group>";
		};
		4DBDF2492A5406E9004DC9B1 /* EpisodeDetail */ = {
			isa = PBXGroup;
			children = (
				4D2023DF2A4B1EFD00E2A7C2 /* RMEpisodeDetailViewViewModel.swift */,
				4DBDF24A2A540713004DC9B1 /* RMEpisodeInfoCollectionViewCellViewModel.swift */,
			);
			path = EpisodeDetail;
			sourceTree = "<group>";
		};
		4DBDF24C2A54753D004DC9B1 /* Settings */ = {
			isa = PBXGroup;
			children = (
				4DBDF24D2A547575004DC9B1 /* RMSettingsViewViewModel.swift */,
				4DBDF24F2A5475CC004DC9B1 /* RMSettingsCellViewModel.swift */,
				4DBDF2512A5476CE004DC9B1 /* RMSettingsOption.swift */,
			);
			path = Settings;
			sourceTree = "<group>";
		};
		4DBDF2532A56A45B004DC9B1 /* SwiftUI */ = {
			isa = PBXGroup;
			children = (
				4DBDF2542A56A4A9004DC9B1 /* RMSettingsView.swift */,
			);
			path = SwiftUI;
			sourceTree = "<group>";
		};
		4DBDF2562A578ACD004DC9B1 /* Location */ = {
			isa = PBXGroup;
			children = (
				4DBDF2572A578B59004DC9B1 /* RMLocationView.swift */,
				4DBDF25D2A5B0208004DC9B1 /* RMLocationTableViewCell.swift */,
			);
			path = Location;
			sourceTree = "<group>";
		};
		4DBDF25F2A5B02CD004DC9B1 /* Locations */ = {
			isa = PBXGroup;
			children = (
				4DBDF2592A57FB88004DC9B1 /* RMLocationViewViewModel.swift */,
				4DBDF2602A5B02E4004DC9B1 /* RMLocationTableViewCellViewModel.swift */,
			);
			path = Locations;
			sourceTree = "<group>";
		};
/* End PBXGroup section */

/* Begin PBXNativeTarget section */
		4D7C592B2A383AFB00C15A75 /* RickAndMorty */ = {
			isa = PBXNativeTarget;
			buildConfigurationList = 4D7C59402A383AFD00C15A75 /* Build configuration list for PBXNativeTarget "RickAndMorty" */;
			buildPhases = (
				4D7C59282A383AFB00C15A75 /* Sources */,
				4D7C59292A383AFB00C15A75 /* Frameworks */,
				4D7C592A2A383AFB00C15A75 /* Resources */,
			);
			buildRules = (
			);
			dependencies = (
			);
			name = RickAndMorty;
			productName = RickAndMorty;
			productReference = 4D7C592C2A383AFB00C15A75 /* RickAndMorty.app */;
			productType = "com.apple.product-type.application";
		};
/* End PBXNativeTarget section */

/* Begin PBXProject section */
		4D7C59242A383AFB00C15A75 /* Project object */ = {
			isa = PBXProject;
			attributes = {
				BuildIndependentTargetsInParallel = 1;
				LastSwiftUpdateCheck = 1430;
				LastUpgradeCheck = 1430;
				TargetAttributes = {
					4D7C592B2A383AFB00C15A75 = {
						CreatedOnToolsVersion = 14.3.1;
					};
				};
			};
			buildConfigurationList = 4D7C59272A383AFB00C15A75 /* Build configuration list for PBXProject "RickAndMorty" */;
			compatibilityVersion = "Xcode 14.0";
			developmentRegion = en;
			hasScannedForEncodings = 0;
			knownRegions = (
				en,
				Base,
			);
			mainGroup = 4D7C59232A383AFB00C15A75;
			productRefGroup = 4D7C592D2A383AFB00C15A75 /* Products */;
			projectDirPath = "";
			projectRoot = "";
			targets = (
				4D7C592B2A383AFB00C15A75 /* RickAndMorty */,
			);
		};
/* End PBXProject section */

/* Begin PBXResourcesBuildPhase section */
		4D7C592A2A383AFB00C15A75 /* Resources */ = {
			isa = PBXResourcesBuildPhase;
			buildActionMask = 2147483647;
			files = (
				4D7C593C2A383AFD00C15A75 /* LaunchScreen.storyboard in Resources */,
				4D7C59392A383AFD00C15A75 /* Assets.xcassets in Resources */,
			);
			runOnlyForDeploymentPostprocessing = 0;
		};
/* End PBXResourcesBuildPhase section */

/* Begin PBXSourcesBuildPhase section */
		4D7C59282A383AFB00C15A75 /* Sources */ = {
			isa = PBXSourcesBuildPhase;
			buildActionMask = 2147483647;
			files = (
				4D35CB3E2A39871400977BA2 /* RMOrigin.swift in Sources */,
				4D35CB5D2A3CA44400977BA2 /* RMCharacterDetailViewViewModel.swift in Sources */,
				4D35CB402A3987D800977BA2 /* RMSingleLocation.swift in Sources */,
				4DBDF2452A52CA19004DC9B1 /* RMSearchViewController.swift in Sources */,
				4D35CB612A3FB76F00977BA2 /* RMImageLoader.swift in Sources */,
				4D35CB4E2A3B021B00977BA2 /* RMCharacterListView.swift in Sources */,
				4D35CB4A2A3A143600977BA2 /* RMGetAllCharactersResponse.swift in Sources */,
				4D35CB422A39962E00977BA2 /* RMCharacterStatus.swift in Sources */,
				4D35CB442A39966E00977BA2 /* RMCharacterGender.swift in Sources */,
				4D35CB592A3C9E3100977BA2 /* RMCharacterDetailViewController.swift in Sources */,
				4D2023E52A4BB1A100E2A7C2 /* RMEpisodeListView.swift in Sources */,
				4D35CB5F2A3D363100977BA2 /* RMFooterLoadingCollectionReusableView.swift in Sources */,
				4D7C59542A38427700C15A75 /* RMLocationViewController.swift in Sources */,
				4D63109D2A427B3D00A69609 /* RMCharacterInfoCollectionViewCell.swift in Sources */,
				4DBDF24E2A547575004DC9B1 /* RMSettingsViewViewModel.swift in Sources */,
				4DBDF25E2A5B0208004DC9B1 /* RMLocationTableViewCell.swift in Sources */,
				4D7C594F2A3840FF00C15A75 /* RMEpisode.swift in Sources */,
				4D7C59342A383AFB00C15A75 /* RMTabViewController.swift in Sources */,
				4D6310A42A427C4A00A69609 /* RMCharacterInfoCollectionViewCellViewModel.swift in Sources */,
				4DBDF2522A5476CE004DC9B1 /* RMSettingsOption.swift in Sources */,
				4D35CB542A3B1FE000977BA2 /* RMCharacterCollectionViewCell.swift in Sources */,
				4D7C59562A38429700C15A75 /* RMEpisodeViewController.swift in Sources */,
				4D7C59302A383AFB00C15A75 /* AppDelegate.swift in Sources */,
				4D7C59322A383AFB00C15A75 /* SceneDelegate.swift in Sources */,
				4D7C59582A3842B600C15A75 /* RMSettingsViewController.swift in Sources */,
				4D6310A62A427C6200A69609 /* RMCharacterEpisodeCollectionViewCellViewModel.swift in Sources */,
				4DBDF2502A5475CC004DC9B1 /* RMSettingsCellViewModel.swift in Sources */,
				4DBDF2552A56A4A9004DC9B1 /* RMSettingsView.swift in Sources */,
				4D35CB502A3B0ACC00977BA2 /* Extensions.swift in Sources */,
				4D63109B2A427B0200A69609 /* RMCharacterPhotoCollectionViewCell.swift in Sources */,
				4D6310A22A427C2700A69609 /* RMCharacterPhotoCollectionViewCellViewModel.swift in Sources */,
				4D35CB382A39554800977BA2 /* RMService.swift in Sources */,
				4DBDF25C2A5AD0AF004DC9B1 /* RMGetAllLocationsResponse.swift in Sources */,
				4D7C594B2A38409E00C15A75 /* RMLocation.swift in Sources */,
				4D35CB3C2A3956E600977BA2 /* RMEndpoint.swift in Sources */,
				4D2023DC2A4A5AAE00E2A7C2 /* RMEpisodeDetailViewController.swift in Sources */,
				4D2023E22A4B213D00E2A7C2 /* RMEpisodeDetailView.swift in Sources */,
				4DBDF2612A5B02E4004DC9B1 /* RMLocationTableViewCellViewModel.swift in Sources */,
				4D7C594D2A3840E000C15A75 /* RMCharacter.swift in Sources */,
				4D35CB562A3B228D00977BA2 /* RMCharacterCollectionViewCellViewModel.swift in Sources */,
				4D35CB3A2A39569E00977BA2 /* RMRequest.swift in Sources */,
				4D35CB4C2A3B014900977BA2 /* RMCharacterListViewViewModel.swift in Sources */,
				4D63109F2A427B6200A69609 /* RMCharacterEpisodeCollectionViewCell.swift in Sources */,
				4D7C59522A38423D00C15A75 /* RMCharacterViewController.swift in Sources */,
				4DBDF2582A578B59004DC9B1 /* RMLocationView.swift in Sources */,
				4D2023E72A4BB5D000E2A7C2 /* RMEpisodeListViewViewModel.swift in Sources */,
				4D2023DE2A4ADAA800E2A7C2 /* RMAPICacheManager.swift in Sources */,
				4D2023E92A4ECC1800E2A7C2 /* RMGetAllEpisodesResponse.swift in Sources */,
				4DBDF24B2A540713004DC9B1 /* RMEpisodeInfoCollectionViewCellViewModel.swift in Sources */,
				4DBDF2482A5406C8004DC9B1 /* RMEpisodeInfoCollectionViewCell.swift in Sources */,
				4D2023E02A4B1EFD00E2A7C2 /* RMEpisodeDetailViewViewModel.swift in Sources */,
				4D35CB5B2A3CA3C300977BA2 /* RMCharacterDetailView.swift in Sources */,
				4DBDF25A2A57FB89004DC9B1 /* RMLocationViewViewModel.swift in Sources */,
			);
			runOnlyForDeploymentPostprocessing = 0;
		};
/* End PBXSourcesBuildPhase section */

/* Begin PBXVariantGroup section */
		4D7C593A2A383AFD00C15A75 /* LaunchScreen.storyboard */ = {
			isa = PBXVariantGroup;
			children = (
				4D7C593B2A383AFD00C15A75 /* Base */,
			);
			name = LaunchScreen.storyboard;
			sourceTree = "<group>";
		};
/* End PBXVariantGroup section */

/* Begin XCBuildConfiguration section */
		4D7C593E2A383AFD00C15A75 /* Debug */ = {
			isa = XCBuildConfiguration;
			buildSettings = {
				ALWAYS_SEARCH_USER_PATHS = NO;
				CLANG_ANALYZER_NONNULL = YES;
				CLANG_ANALYZER_NUMBER_OBJECT_CONVERSION = YES_AGGRESSIVE;
				CLANG_CXX_LANGUAGE_STANDARD = "gnu++20";
				CLANG_ENABLE_MODULES = YES;
				CLANG_ENABLE_OBJC_ARC = YES;
				CLANG_ENABLE_OBJC_WEAK = YES;
				CLANG_WARN_BLOCK_CAPTURE_AUTORELEASING = YES;
				CLANG_WARN_BOOL_CONVERSION = YES;
				CLANG_WARN_COMMA = YES;
				CLANG_WARN_CONSTANT_CONVERSION = YES;
				CLANG_WARN_DEPRECATED_OBJC_IMPLEMENTATIONS = YES;
				CLANG_WARN_DIRECT_OBJC_ISA_USAGE = YES_ERROR;
				CLANG_WARN_DOCUMENTATION_COMMENTS = YES;
				CLANG_WARN_EMPTY_BODY = YES;
				CLANG_WARN_ENUM_CONVERSION = YES;
				CLANG_WARN_INFINITE_RECURSION = YES;
				CLANG_WARN_INT_CONVERSION = YES;
				CLANG_WARN_NON_LITERAL_NULL_CONVERSION = YES;
				CLANG_WARN_OBJC_IMPLICIT_RETAIN_SELF = YES;
				CLANG_WARN_OBJC_LITERAL_CONVERSION = YES;
				CLANG_WARN_OBJC_ROOT_CLASS = YES_ERROR;
				CLANG_WARN_QUOTED_INCLUDE_IN_FRAMEWORK_HEADER = YES;
				CLANG_WARN_RANGE_LOOP_ANALYSIS = YES;
				CLANG_WARN_STRICT_PROTOTYPES = YES;
				CLANG_WARN_SUSPICIOUS_MOVE = YES;
				CLANG_WARN_UNGUARDED_AVAILABILITY = YES_AGGRESSIVE;
				CLANG_WARN_UNREACHABLE_CODE = YES;
				CLANG_WARN__DUPLICATE_METHOD_MATCH = YES;
				COPY_PHASE_STRIP = NO;
				DEBUG_INFORMATION_FORMAT = dwarf;
				ENABLE_STRICT_OBJC_MSGSEND = YES;
				ENABLE_TESTABILITY = YES;
				GCC_C_LANGUAGE_STANDARD = gnu11;
				GCC_DYNAMIC_NO_PIC = NO;
				GCC_NO_COMMON_BLOCKS = YES;
				GCC_OPTIMIZATION_LEVEL = 0;
				GCC_PREPROCESSOR_DEFINITIONS = (
					"DEBUG=1",
					"$(inherited)",
				);
				GCC_WARN_64_TO_32_BIT_CONVERSION = YES;
				GCC_WARN_ABOUT_RETURN_TYPE = YES_ERROR;
				GCC_WARN_UNDECLARED_SELECTOR = YES;
				GCC_WARN_UNINITIALIZED_AUTOS = YES_AGGRESSIVE;
				GCC_WARN_UNUSED_FUNCTION = YES;
				GCC_WARN_UNUSED_VARIABLE = YES;
				IPHONEOS_DEPLOYMENT_TARGET = 16.4;
				MTL_ENABLE_DEBUG_INFO = INCLUDE_SOURCE;
				MTL_FAST_MATH = YES;
				ONLY_ACTIVE_ARCH = YES;
				SDKROOT = iphoneos;
				SWIFT_ACTIVE_COMPILATION_CONDITIONS = DEBUG;
				SWIFT_OPTIMIZATION_LEVEL = "-Onone";
			};
			name = Debug;
		};
		4D7C593F2A383AFD00C15A75 /* Release */ = {
			isa = XCBuildConfiguration;
			buildSettings = {
				ALWAYS_SEARCH_USER_PATHS = NO;
				CLANG_ANALYZER_NONNULL = YES;
				CLANG_ANALYZER_NUMBER_OBJECT_CONVERSION = YES_AGGRESSIVE;
				CLANG_CXX_LANGUAGE_STANDARD = "gnu++20";
				CLANG_ENABLE_MODULES = YES;
				CLANG_ENABLE_OBJC_ARC = YES;
				CLANG_ENABLE_OBJC_WEAK = YES;
				CLANG_WARN_BLOCK_CAPTURE_AUTORELEASING = YES;
				CLANG_WARN_BOOL_CONVERSION = YES;
				CLANG_WARN_COMMA = YES;
				CLANG_WARN_CONSTANT_CONVERSION = YES;
				CLANG_WARN_DEPRECATED_OBJC_IMPLEMENTATIONS = YES;
				CLANG_WARN_DIRECT_OBJC_ISA_USAGE = YES_ERROR;
				CLANG_WARN_DOCUMENTATION_COMMENTS = YES;
				CLANG_WARN_EMPTY_BODY = YES;
				CLANG_WARN_ENUM_CONVERSION = YES;
				CLANG_WARN_INFINITE_RECURSION = YES;
				CLANG_WARN_INT_CONVERSION = YES;
				CLANG_WARN_NON_LITERAL_NULL_CONVERSION = YES;
				CLANG_WARN_OBJC_IMPLICIT_RETAIN_SELF = YES;
				CLANG_WARN_OBJC_LITERAL_CONVERSION = YES;
				CLANG_WARN_OBJC_ROOT_CLASS = YES_ERROR;
				CLANG_WARN_QUOTED_INCLUDE_IN_FRAMEWORK_HEADER = YES;
				CLANG_WARN_RANGE_LOOP_ANALYSIS = YES;
				CLANG_WARN_STRICT_PROTOTYPES = YES;
				CLANG_WARN_SUSPICIOUS_MOVE = YES;
				CLANG_WARN_UNGUARDED_AVAILABILITY = YES_AGGRESSIVE;
				CLANG_WARN_UNREACHABLE_CODE = YES;
				CLANG_WARN__DUPLICATE_METHOD_MATCH = YES;
				COPY_PHASE_STRIP = NO;
				DEBUG_INFORMATION_FORMAT = "dwarf-with-dsym";
				ENABLE_NS_ASSERTIONS = NO;
				ENABLE_STRICT_OBJC_MSGSEND = YES;
				GCC_C_LANGUAGE_STANDARD = gnu11;
				GCC_NO_COMMON_BLOCKS = YES;
				GCC_WARN_64_TO_32_BIT_CONVERSION = YES;
				GCC_WARN_ABOUT_RETURN_TYPE = YES_ERROR;
				GCC_WARN_UNDECLARED_SELECTOR = YES;
				GCC_WARN_UNINITIALIZED_AUTOS = YES_AGGRESSIVE;
				GCC_WARN_UNUSED_FUNCTION = YES;
				GCC_WARN_UNUSED_VARIABLE = YES;
				IPHONEOS_DEPLOYMENT_TARGET = 16.4;
				MTL_ENABLE_DEBUG_INFO = NO;
				MTL_FAST_MATH = YES;
				SDKROOT = iphoneos;
				SWIFT_COMPILATION_MODE = wholemodule;
				SWIFT_OPTIMIZATION_LEVEL = "-O";
				VALIDATE_PRODUCT = YES;
			};
			name = Release;
		};
		4D7C59412A383AFD00C15A75 /* Debug */ = {
			isa = XCBuildConfiguration;
			buildSettings = {
				ASSETCATALOG_COMPILER_APPICON_NAME = AppIcon;
				ASSETCATALOG_COMPILER_GLOBAL_ACCENT_COLOR_NAME = AccentColor;
				CODE_SIGN_STYLE = Automatic;
				CURRENT_PROJECT_VERSION = 1;
				GENERATE_INFOPLIST_FILE = YES;
				INFOPLIST_FILE = RickAndMorty/Info.plist;
				INFOPLIST_KEY_CFBundleDisplayName = "Rick & Morty";
				INFOPLIST_KEY_LSApplicationCategoryType = "public.app-category.entertainment";
				INFOPLIST_KEY_UIApplicationSupportsIndirectInputEvents = YES;
				INFOPLIST_KEY_UILaunchStoryboardName = LaunchScreen;
				INFOPLIST_KEY_UISupportedInterfaceOrientations_iPad = "UIInterfaceOrientationPortrait UIInterfaceOrientationPortraitUpsideDown UIInterfaceOrientationLandscapeLeft UIInterfaceOrientationLandscapeRight";
				INFOPLIST_KEY_UISupportedInterfaceOrientations_iPhone = "UIInterfaceOrientationPortrait UIInterfaceOrientationLandscapeLeft UIInterfaceOrientationLandscapeRight";
				LD_RUNPATH_SEARCH_PATHS = (
					"$(inherited)",
					"@executable_path/Frameworks",
				);
				MARKETING_VERSION = 1.0;
				PRODUCT_BUNDLE_IDENTIFIER = io.xingya.RickAndMorty;
				PRODUCT_NAME = "$(TARGET_NAME)";
				SWIFT_EMIT_LOC_STRINGS = YES;
				SWIFT_VERSION = 5.0;
				TARGETED_DEVICE_FAMILY = "1,2";
			};
			name = Debug;
		};
		4D7C59422A383AFD00C15A75 /* Release */ = {
			isa = XCBuildConfiguration;
			buildSettings = {
				ASSETCATALOG_COMPILER_APPICON_NAME = AppIcon;
				ASSETCATALOG_COMPILER_GLOBAL_ACCENT_COLOR_NAME = AccentColor;
				CODE_SIGN_STYLE = Automatic;
				CURRENT_PROJECT_VERSION = 1;
				GENERATE_INFOPLIST_FILE = YES;
				INFOPLIST_FILE = RickAndMorty/Info.plist;
				INFOPLIST_KEY_CFBundleDisplayName = "Rick & Morty";
				INFOPLIST_KEY_LSApplicationCategoryType = "public.app-category.entertainment";
				INFOPLIST_KEY_UIApplicationSupportsIndirectInputEvents = YES;
				INFOPLIST_KEY_UILaunchStoryboardName = LaunchScreen;
				INFOPLIST_KEY_UISupportedInterfaceOrientations_iPad = "UIInterfaceOrientationPortrait UIInterfaceOrientationPortraitUpsideDown UIInterfaceOrientationLandscapeLeft UIInterfaceOrientationLandscapeRight";
				INFOPLIST_KEY_UISupportedInterfaceOrientations_iPhone = "UIInterfaceOrientationPortrait UIInterfaceOrientationLandscapeLeft UIInterfaceOrientationLandscapeRight";
				LD_RUNPATH_SEARCH_PATHS = (
					"$(inherited)",
					"@executable_path/Frameworks",
				);
				MARKETING_VERSION = 1.0;
				PRODUCT_BUNDLE_IDENTIFIER = io.xingya.RickAndMorty;
				PRODUCT_NAME = "$(TARGET_NAME)";
				SWIFT_EMIT_LOC_STRINGS = YES;
				SWIFT_VERSION = 5.0;
				TARGETED_DEVICE_FAMILY = "1,2";
			};
			name = Release;
		};
/* End XCBuildConfiguration section */

/* Begin XCConfigurationList section */
		4D7C59272A383AFB00C15A75 /* Build configuration list for PBXProject "RickAndMorty" */ = {
			isa = XCConfigurationList;
			buildConfigurations = (
				4D7C593E2A383AFD00C15A75 /* Debug */,
				4D7C593F2A383AFD00C15A75 /* Release */,
			);
			defaultConfigurationIsVisible = 0;
			defaultConfigurationName = Release;
		};
		4D7C59402A383AFD00C15A75 /* Build configuration list for PBXNativeTarget "RickAndMorty" */ = {
			isa = XCConfigurationList;
			buildConfigurations = (
				4D7C59412A383AFD00C15A75 /* Debug */,
				4D7C59422A383AFD00C15A75 /* Release */,
			);
			defaultConfigurationIsVisible = 0;
			defaultConfigurationName = Release;
		};
/* End XCConfigurationList section */
	};
	rootObject = 4D7C59242A383AFB00C15A75 /* Project object */;
}
